
Microsoft Visual Studio Solution File, Format Version 12.00
# Visual Studio 15
VisualStudioVersion = 15.0.26730.15
MinimumVisualStudioVersion = 10.0.40219.1
Project("{FAE04EC0-301F-11D3-BF4B-00C04F79EFBC}") = "HLX.ZSZ.Common", "HLX.ZSZ.Common\HLX.ZSZ.Common.csproj", "{008018DA-4E43-4540-A9DF-06C4313696D5}"
EndProject
Project("{FAE04EC0-301F-11D3-BF4B-00C04F79EFBC}") = "ZSZTest", "ZSZTest\ZSZTest.csproj", "{310AD1AC-2732-4C5B-AB13-74F899536F58}"
EndProject
Project("{FAE04EC0-301F-11D3-BF4B-00C04F79EFBC}") = "MyIBll", "MyIBll\MyIBll.csproj", "{E6AB65A8-2C26-4C41-92AC-C07F662206E3}"
EndProject
Project("{FAE04EC0-301F-11D3-BF4B-00C04F79EFBC}") = "MyBLLImpl", "MyBLLImpl\MyBLLImpl.csproj", "{DE298E5A-BA86-4BC7-9BD5-A15FA065F28C}"
EndProject
Project("{2150E333-8FDC-42A3-9474-1A3956D46DE8}") = "Test", "Test", "{38EFC7DC-D39B-4BAF-B382-885B820B9272}"
EndProject
Project("{FAE04EC0-301F-11D3-BF4B-00C04F79EFBC}") = "WebApplication1", "WebApplication1\WebApplication1.csproj", "{9B14C7AB-5090-48AA-AB26-5D57D3EF6DEC}"
EndProject
Project("{FAE04EC0-301F-11D3-BF4B-00C04F79EFBC}") = "TestIservice", "TestIservice\TestIservice.csproj", "{A3B580FE-7FC7-4706-A99B-02DEFD4C51FB}"
EndProject
Project("{FAE04EC0-301F-11D3-BF4B-00C04F79EFBC}") = "TestService", "TestService\TestService.csproj", "{A8DCD77F-8D66-4670-9B77-6EDDD8963F02}"
EndProject
Project("{FAE04EC0-301F-11D3-BF4B-00C04F79EFBC}") = "HLX.ZSZ.CommonMVC", "HLX.ZSZ.CommonMVC\HLX.ZSZ.CommonMVC.csproj", "{43B86BD6-D2CB-4C59-A736-D99F2DF05BF7}"
EndProject
Project("{2150E333-8FDC-42A3-9474-1A3956D46DE8}") = "UnitTest", "UnitTest", "{622ECA69-C8E4-4EBD-A366-349CB2237669}"
EndProject
Project("{FAE04EC0-301F-11D3-BF4B-00C04F79EFBC}") = "Cla", "Cla\Cla.csproj", "{6DDF43A6-766B-45F4-B499-8C88EF044E6E}"
EndProject
Project("{FAE04EC0-301F-11D3-BF4B-00C04F79EFBC}") = "UnitTestProject1", "UnitTestProject1\UnitTestProject1.csproj", "{61E466B7-DF14-44E3-BE6F-288A95DC06DC}"
EndProject
Global
	GlobalSection(SolutionConfigurationPlatforms) = preSolution
		Debug|Any CPU = Debug|Any CPU
		Release|Any CPU = Release|Any CPU
	EndGlobalSection
	GlobalSection(ProjectConfigurationPlatforms) = postSolution
		{008018DA-4E43-4540-A9DF-06C4313696D5}.Debug|Any CPU.ActiveCfg = Debug|Any CPU
		{008018DA-4E43-4540-A9DF-06C4313696D5}.Debug|Any CPU.Build.0 = Debug|Any CPU
		{008018DA-4E43-4540-A9DF-06C4313696D5}.Release|Any CPU.ActiveCfg = Release|Any CPU
		{008018DA-4E43-4540-A9DF-06C4313696D5}.Release|Any CPU.Build.0 = Release|Any CPU
		{310AD1AC-2732-4C5B-AB13-74F899536F58}.Debug|Any CPU.ActiveCfg = Debug|Any CPU
		{310AD1AC-2732-4C5B-AB13-74F899536F58}.Debug|Any CPU.Build.0 = Debug|Any CPU
		{310AD1AC-2732-4C5B-AB13-74F899536F58}.Release|Any CPU.ActiveCfg = Release|Any CPU
		{310AD1AC-2732-4C5B-AB13-74F899536F58}.Release|Any CPU.Build.0 = Release|Any CPU
		{E6AB65A8-2C26-4C41-92AC-C07F662206E3}.Debug|Any CPU.ActiveCfg = Debug|Any CPU
		{E6AB65A8-2C26-4C41-92AC-C07F662206E3}.Debug|Any CPU.Build.0 = Debug|Any CPU
		{E6AB65A8-2C26-4C41-92AC-C07F662206E3}.Release|Any CPU.ActiveCfg = Release|Any CPU
		{E6AB65A8-2C26-4C41-92AC-C07F662206E3}.Release|Any CPU.Build.0 = Release|Any CPU
		{DE298E5A-BA86-4BC7-9BD5-A15FA065F28C}.Debug|Any CPU.ActiveCfg = Debug|Any CPU
		{DE298E5A-BA86-4BC7-9BD5-A15FA065F28C}.Debug|Any CPU.Build.0 = Debug|Any CPU
		{DE298E5A-BA86-4BC7-9BD5-A15FA065F28C}.Release|Any CPU.ActiveCfg = Release|Any CPU
		{DE298E5A-BA86-4BC7-9BD5-A15FA065F28C}.Release|Any CPU.Build.0 = Release|Any CPU
		{9B14C7AB-5090-48AA-AB26-5D57D3EF6DEC}.Debug|Any CPU.ActiveCfg = Debug|Any CPU
		{9B14C7AB-5090-48AA-AB26-5D57D3EF6DEC}.Debug|Any CPU.Build.0 = Debug|Any CPU
		{9B14C7AB-5090-48AA-AB26-5D57D3EF6DEC}.Release|Any CPU.ActiveCfg = Release|Any CPU
		{9B14C7AB-5090-48AA-AB26-5D57D3EF6DEC}.Release|Any CPU.Build.0 = Release|Any CPU
		{A3B580FE-7FC7-4706-A99B-02DEFD4C51FB}.Debug|Any CPU.ActiveCfg = Debug|Any CPU
		{A3B580FE-7FC7-4706-A99B-02DEFD4C51FB}.Debug|Any CPU.Build.0 = Debug|Any CPU
		{A3B580FE-7FC7-4706-A99B-02DEFD4C51FB}.Release|Any CPU.ActiveCfg = Release|Any CPU
		{A3B580FE-7FC7-4706-A99B-02DEFD4C51FB}.Release|Any CPU.Build.0 = Release|Any CPU
		{A8DCD77F-8D66-4670-9B77-6EDDD8963F02}.Debug|Any CPU.ActiveCfg = Debug|Any CPU
		{A8DCD77F-8D66-4670-9B77-6EDDD8963F02}.Debug|Any CPU.Build.0 = Debug|Any CPU
		{A8DCD77F-8D66-4670-9B77-6EDDD8963F02}.Release|Any CPU.ActiveCfg = Release|Any CPU
		{A8DCD77F-8D66-4670-9B77-6EDDD8963F02}.Release|Any CPU.Build.0 = Release|Any CPU
		{43B86BD6-D2CB-4C59-A736-D99F2DF05BF7}.Debug|Any CPU.ActiveCfg = Debug|Any CPU
		{43B86BD6-D2CB-4C59-A736-D99F2DF05BF7}.Debug|Any CPU.Build.0 = Debug|Any CPU
		{43B86BD6-D2CB-4C59-A736-D99F2DF05BF7}.Release|Any CPU.ActiveCfg = Release|Any CPU
		{43B86BD6-D2CB-4C59-A736-D99F2DF05BF7}.Release|Any CPU.Build.0 = Release|Any CPU
		{6DDF43A6-766B-45F4-B499-8C88EF044E6E}.Debug|Any CPU.ActiveCfg = Debug|Any CPU
		{6DDF43A6-766B-45F4-B499-8C88EF044E6E}.Debug|Any CPU.Build.0 = Debug|Any CPU
		{6DDF43A6-766B-45F4-B499-8C88EF044E6E}.Release|Any CPU.ActiveCfg = Release|Any CPU
		{6DDF43A6-766B-45F4-B499-8C88EF044E6E}.Release|Any CPU.Build.0 = Release|Any CPU
		{61E466B7-DF14-44E3-BE6F-288A95DC06DC}.Debug|Any CPU.ActiveCfg = Debug|Any CPU
		{61E466B7-DF14-44E3-BE6F-288A95DC06DC}.Debug|Any CPU.Build.0 = Debug|Any CPU
		{61E466B7-DF14-44E3-BE6F-288A95DC06DC}.Release|Any CPU.ActiveCfg = Release|Any CPU
		{61E466B7-DF14-44E3-BE6F-288A95DC06DC}.Release|Any CPU.Build.0 = Release|Any CPU
	EndGlobalSection
	GlobalSection(SolutionProperties) = preSolution
		HideSolutionNode = FALSE
	EndGlobalSection
	GlobalSection(NestedProjects) = preSolution
		{9B14C7AB-5090-48AA-AB26-5D57D3EF6DEC} = {38EFC7DC-D39B-4BAF-B382-885B820B9272}
		{A3B580FE-7FC7-4706-A99B-02DEFD4C51FB} = {38EFC7DC-D39B-4BAF-B382-885B820B9272}
		{A8DCD77F-8D66-4670-9B77-6EDDD8963F02} = {38EFC7DC-D39B-4BAF-B382-885B820B9272}
		{6DDF43A6-766B-45F4-B499-8C88EF044E6E} = {622ECA69-C8E4-4EBD-A366-349CB2237669}
		{61E466B7-DF14-44E3-BE6F-288A95DC06DC} = {622ECA69-C8E4-4EBD-A366-349CB2237669}
	EndGlobalSection
	GlobalSection(ExtensibilityGlobals) = postSolution
		SolutionGuid = {430F4660-3808-4E07-B9BD-5AC948D67C19}
	EndGlobalSection
EndGlobal
